// !$*UTF8*$!
{
	archiveVersion = 1;
	classes = {
	};
	objectVersion = 50;
	objects = {

/* Begin PBXBuildFile section */
		AA285BDE21AD5AFE005A40FD /* AppDelegate.swift in Sources */ = {isa = PBXBuildFile; fileRef = AA285BDD21AD5AFE005A40FD /* AppDelegate.swift */; };
		AA285BE021AD5AFE005A40FD /* ViewController.swift in Sources */ = {isa = PBXBuildFile; fileRef = AA285BDF21AD5AFE005A40FD /* ViewController.swift */; };
		AA285BE321AD5AFE005A40FD /* Main.storyboard in Resources */ = {isa = PBXBuildFile; fileRef = AA285BE121AD5AFE005A40FD /* Main.storyboard */; };
		AA285BE521AD5B02005A40FD /* Assets.xcassets in Resources */ = {isa = PBXBuildFile; fileRef = AA285BE421AD5B02005A40FD /* Assets.xcassets */; };
		AA285BE821AD5B02005A40FD /* LaunchScreen.storyboard in Resources */ = {isa = PBXBuildFile; fileRef = AA285BE621AD5B02005A40FD /* LaunchScreen.storyboard */; };
		AA285BF321AD5B02005A40FD /* PurchaserTests.swift in Sources */ = {isa = PBXBuildFile; fileRef = AA285BF221AD5B02005A40FD /* PurchaserTests.swift */; };
/* End PBXBuildFile section */

/* Begin PBXContainerItemProxy section */
		AA285BEF21AD5B02005A40FD /* PBXContainerItemProxy */ = {
			isa = PBXContainerItemProxy;
			containerPortal = AA285BD221AD5AFE005A40FD /* Project object */;
			proxyType = 1;
			remoteGlobalIDString = AA285BD921AD5AFE005A40FD;
			remoteInfo = Purchaser;
		};
/* End PBXContainerItemProxy section */

/* Begin PBXFileReference section */
		AA285BDA21AD5AFE005A40FD /* Purchaser.app */ = {isa = PBXFileReference; explicitFileType = wrapper.application; includeInIndex = 0; path = Purchaser.app; sourceTree = BUILT_PRODUCTS_DIR; };
		AA285BDD21AD5AFE005A40FD /* AppDelegate.swift */ = {isa = PBXFileReference; lastKnownFileType = sourcecode.swift; path = AppDelegate.swift; sourceTree = "<group>"; };
		AA285BDF21AD5AFE005A40FD /* ViewController.swift */ = {isa = PBXFileReference; lastKnownFileType = sourcecode.swift; path = ViewController.swift; sourceTree = "<group>"; };
		AA285BE221AD5AFE005A40FD /* Base */ = {isa = PBXFileReference; lastKnownFileType = file.storyboard; name = Base; path = Base.lproj/Main.storyboard; sourceTree = "<group>"; };
		AA285BE421AD5B02005A40FD /* Assets.xcassets */ = {isa = PBXFileReference; lastKnownFileType = folder.assetcatalog; path = Assets.xcassets; sourceTree = "<group>"; };
		AA285BE721AD5B02005A40FD /* Base */ = {isa = PBXFileReference; lastKnownFileType = file.storyboard; name = Base; path = Base.lproj/LaunchScreen.storyboard; sourceTree = "<group>"; };
		AA285BE921AD5B02005A40FD /* Info.plist */ = {isa = PBXFileReference; lastKnownFileType = text.plist.xml; path = Info.plist; sourceTree = "<group>"; };
		AA285BEE21AD5B02005A40FD /* PurchaserTests.xctest */ = {isa = PBXFileReference; explicitFileType = wrapper.cfbundle; includeInIndex = 0; path = PurchaserTests.xctest; sourceTree = BUILT_PRODUCTS_DIR; };
		AA285BF221AD5B02005A40FD /* PurchaserTests.swift */ = {isa = PBXFileReference; lastKnownFileType = sourcecode.swift; path = PurchaserTests.swift; sourceTree = "<group>"; };
		AA285BF421AD5B02005A40FD /* Info.plist */ = {isa = PBXFileReference; lastKnownFileType = text.plist.xml; path = Info.plist; sourceTree = "<group>"; };
/* End PBXFileReference section */

/* Begin PBXFrameworksBuildPhase section */
		AA285BD721AD5AFE005A40FD /* Frameworks */ = {
			isa = PBXFrameworksBuildPhase;
			buildActionMask = 2147483647;
			files = (
			);
			runOnlyForDeploymentPostprocessing = 0;
		};
		AA285BEB21AD5B02005A40FD /* Frameworks */ = {
			isa = PBXFrameworksBuildPhase;
			buildActionMask = 2147483647;
			files = (
			);
			runOnlyForDeploymentPostprocessing = 0;
		};
/* End PBXFrameworksBuildPhase section */

/* Begin PBXGroup section */
		AA285BD121AD5AFE005A40FD = {
			isa = PBXGroup;
			children = (
				AA285BDC21AD5AFE005A40FD /* Purchaser */,
				AA285BF121AD5B02005A40FD /* PurchaserTests */,
				AA285BDB21AD5AFE005A40FD /* Products */,
			);
			sourceTree = "<group>";
		};
		AA285BDB21AD5AFE005A40FD /* Products */ = {
			isa = PBXGroup;
			children = (
				AA285BDA21AD5AFE005A40FD /* Purchaser.app */,
				AA285BEE21AD5B02005A40FD /* PurchaserTests.xctest */,
			);
			name = Products;
			sourceTree = "<group>";
		};
		AA285BDC21AD5AFE005A40FD /* Purchaser */ = {
			isa = PBXGroup;
			children = (
				AA285BDD21AD5AFE005A40FD /* AppDelegate.swift */,
				AA285BDF21AD5AFE005A40FD /* ViewController.swift */,
				AA285BE121AD5AFE005A40FD /* Main.storyboard */,
				AA285BE421AD5B02005A40FD /* Assets.xcassets */,
				AA285BE621AD5B02005A40FD /* LaunchScreen.storyboard */,
				AA285BE921AD5B02005A40FD /* Info.plist */,
			);
			path = Purchaser;
			sourceTree = "<group>";
		};
		AA285BF121AD5B02005A40FD /* PurchaserTests */ = {
			isa = PBXGroup;
			children = (
				AA285BF221AD5B02005A40FD /* PurchaserTests.swift */,
				AA285BF421AD5B02005A40FD /* Info.plist */,
			);
			path = PurchaserTests;
			sourceTree = "<group>";
		};
/* End PBXGroup section */

/* Begin PBXNativeTarget section */
		AA285BD921AD5AFE005A40FD /* Purchaser */ = {
			isa = PBXNativeTarget;
			buildConfigurationList = AA285BF721AD5B02005A40FD /* Build configuration list for PBXNativeTarget "Purchaser" */;
			buildPhases = (
				AA285BD621AD5AFE005A40FD /* Sources */,
				AA285BD721AD5AFE005A40FD /* Frameworks */,
				AA285BD821AD5AFE005A40FD /* Resources */,
			);
			buildRules = (
			);
			dependencies = (
			);
			name = Purchaser;
			productName = Purchaser;
			productReference = AA285BDA21AD5AFE005A40FD /* Purchaser.app */;
			productType = "com.apple.product-type.application";
		};
		AA285BED21AD5B02005A40FD /* PurchaserTests */ = {
			isa = PBXNativeTarget;
			buildConfigurationList = AA285BFA21AD5B02005A40FD /* Build configuration list for PBXNativeTarget "PurchaserTests" */;
			buildPhases = (
				AA285BEA21AD5B02005A40FD /* Sources */,
				AA285BEB21AD5B02005A40FD /* Frameworks */,
				AA285BEC21AD5B02005A40FD /* Resources */,
			);
			buildRules = (
			);
			dependencies = (
				AA285BF021AD5B02005A40FD /* PBXTargetDependency */,
			);
			name = PurchaserTests;
			productName = PurchaserTests;
			productReference = AA285BEE21AD5B02005A40FD /* PurchaserTests.xctest */;
			productType = "com.apple.product-type.bundle.unit-test";
		};
/* End PBXNativeTarget section */

/* Begin PBXProject section */
		AA285BD221AD5AFE005A40FD /* Project object */ = {
			isa = PBXProject;
			attributes = {
				LastSwiftUpdateCheck = 1010;
				LastUpgradeCheck = 1010;
				ORGANIZATIONNAME = ThXou;
				TargetAttributes = {
					AA285BD921AD5AFE005A40FD = {
						CreatedOnToolsVersion = 10.1;
					};
					AA285BED21AD5B02005A40FD = {
						CreatedOnToolsVersion = 10.1;
						TestTargetID = AA285BD921AD5AFE005A40FD;
					};
				};
			};
			buildConfigurationList = AA285BD521AD5AFE005A40FD /* Build configuration list for PBXProject "Purchaser" */;
			compatibilityVersion = "Xcode 9.3";
			developmentRegion = en;
			hasScannedForEncodings = 0;
			knownRegions = (
				en,
				Base,
			);
			mainGroup = AA285BD121AD5AFE005A40FD;
			productRefGroup = AA285BDB21AD5AFE005A40FD /* Products */;
			projectDirPath = "";
			projectRoot = "";
			targets = (
				AA285BD921AD5AFE005A40FD /* Purchaser */,
				AA285BED21AD5B02005A40FD /* PurchaserTests */,
			);
		};
/* End PBXProject section */

/* Begin PBXResourcesBuildPhase section */
		AA285BD821AD5AFE005A40FD /* Resources */ = {
			isa = PBXResourcesBuildPhase;
			buildActionMask = 2147483647;
			files = (
				AA285BE821AD5B02005A40FD /* LaunchScreen.storyboard in Resources */,
				AA285BE521AD5B02005A40FD /* Assets.xcassets in Resources */,
				AA285BE321AD5AFE005A40FD /* Main.storyboard in Resources */,
			);
			runOnlyForDeploymentPostprocessing = 0;
		};
		AA285BEC21AD5B02005A40FD /* Resources */ = {
			isa = PBXResourcesBuildPhase;
			buildActionMask = 2147483647;
			files = (
			);
			runOnlyForDeploymentPostprocessing = 0;
		};
/* End PBXResourcesBuildPhase section */

/* Begin PBXSourcesBuildPhase section */
		AA285BD621AD5AFE005A40FD /* Sources */ = {
			isa = PBXSourcesBuildPhase;
			buildActionMask = 2147483647;
			files = (
				AA285BE021AD5AFE005A40FD /* ViewController.swift in Sources */,
				AA285BDE21AD5AFE005A40FD /* AppDelegate.swift in Sources */,
			);
			runOnlyForDeploymentPostprocessing = 0;
		};
		AA285BEA21AD5B02005A40FD /* Sources */ = {
			isa = PBXSourcesBuildPhase;
			buildActionMask = 2147483647;
			files = (
				AA285BF321AD5B02005A40FD /* PurchaserTests.swift in Sources */,
			);
			runOnlyForDeploymentPostprocessing = 0;
		};
/* End PBXSourcesBuildPhase section */

/* Begin PBXTargetDependency section */
		AA285BF021AD5B02005A40FD /* PBXTargetDependency */ = {
			isa = PBXTargetDependency;
			target = AA285BD921AD5AFE005A40FD /* Purchaser */;
			targetProxy = AA285BEF21AD5B02005A40FD /* PBXContainerItemProxy */;
		};
/* End PBXTargetDependency section */

/* Begin PBXVariantGroup section */
		AA285BE121AD5AFE005A40FD /* Main.storyboard */ = {
			isa = PBXVariantGroup;
			children = (
				AA285BE221AD5AFE005A40FD /* Base */,
			);
			name = Main.storyboard;
			sourceTree = "<group>";
		};
		AA285BE621AD5B02005A40FD /* LaunchScreen.storyboard */ = {
			isa = PBXVariantGroup;
			children = (
				AA285BE721AD5B02005A40FD /* Base */,
			);
			name = LaunchScreen.storyboard;
			sourceTree = "<group>";
		};
/* End PBXVariantGroup section */

/* Begin XCBuildConfiguration section */
		AA285BF521AD5B02005A40FD /* Debug */ = {
			isa = XCBuildConfiguration;
			buildSettings = {
				ALWAYS_SEARCH_USER_PATHS = NO;
				CLANG_ANALYZER_NONNULL = YES;
				CLANG_ANALYZER_NUMBER_OBJECT_CONVERSION = YES_AGGRESSIVE;
				CLANG_CXX_LANGUAGE_STANDARD = "gnu++14";
				CLANG_CXX_LIBRARY = "libc++";
				CLANG_ENABLE_MODULES = YES;
				CLANG_ENABLE_OBJC_ARC = YES;
				CLANG_ENABLE_OBJC_WEAK = YES;
				CLANG_WARN_BLOCK_CAPTURE_AUTORELEASING = YES;
				CLANG_WARN_BOOL_CONVERSION = YES;
				CLANG_WARN_COMMA = YES;
				CLANG_WARN_CONSTANT_CONVERSION = YES;
				CLANG_WARN_DEPRECATED_OBJC_IMPLEMENTATIONS = YES;
				CLANG_WARN_DIRECT_OBJC_ISA_USAGE = YES_ERROR;
				CLANG_WARN_DOCUMENTATION_COMMENTS = YES;
				CLANG_WARN_EMPTY_BODY = YES;
				CLANG_WARN_ENUM_CONVERSION = YES;
				CLANG_WARN_INFINITE_RECURSION = YES;
				CLANG_WARN_INT_CONVERSION = YES;
				CLANG_WARN_NON_LITERAL_NULL_CONVERSION = YES;
				CLANG_WARN_OBJC_IMPLICIT_RETAIN_SELF = YES;
				CLANG_WARN_OBJC_LITERAL_CONVERSION = YES;
				CLANG_WARN_OBJC_ROOT_CLASS = YES_ERROR;
				CLANG_WARN_RANGE_LOOP_ANALYSIS = YES;
				CLANG_WARN_STRICT_PROTOTYPES = YES;
				CLANG_WARN_SUSPICIOUS_MOVE = YES;
				CLANG_WARN_UNGUARDED_AVAILABILITY = YES_AGGRESSIVE;
				CLANG_WARN_UNREACHABLE_CODE = YES;
				CLANG_WARN__DUPLICATE_METHOD_MATCH = YES;
				CODE_SIGN_IDENTITY = "iPhone Developer";
				COPY_PHASE_STRIP = NO;
				DEBUG_INFORMATION_FORMAT = dwarf;
				ENABLE_STRICT_OBJC_MSGSEND = YES;
				ENABLE_TESTABILITY = YES;
				GCC_C_LANGUAGE_STANDARD = gnu11;
				GCC_DYNAMIC_NO_PIC = NO;
				GCC_NO_COMMON_BLOCKS = YES;
				GCC_OPTIMIZATION_LEVEL = 0;
				GCC_PREPROCESSOR_DEFINITIONS = (
					"DEBUG=1",
					"$(inherited)",
				);
				GCC_WARN_64_TO_32_BIT_CONVERSION = YES;
				GCC_WARN_ABOUT_RETURN_TYPE = YES_ERROR;
				GCC_WARN_UNDECLARED_SELECTOR = YES;
				GCC_WARN_UNINITIALIZED_AUTOS = YES_AGGRESSIVE;
				GCC_WARN_UNUSED_FUNCTION = YES;
				GCC_WARN_UNUSED_VARIABLE = YES;
				IPHONEOS_DEPLOYMENT_TARGET = 12.1;
				MTL_ENABLE_DEBUG_INFO = INCLUDE_SOURCE;
				MTL_FAST_MATH = YES;
				ONLY_ACTIVE_ARCH = YES;
				SDKROOT = iphoneos;
				SWIFT_ACTIVE_COMPILATION_CONDITIONS = DEBUG;
				SWIFT_OPTIMIZATION_LEVEL = "-Onone";
			};
			name = Debug;
		};
		AA285BF621AD5B02005A40FD /* Release */ = {
			isa = XCBuildConfiguration;
			buildSettings = {
				ALWAYS_SEARCH_USER_PATHS = NO;
				CLANG_ANALYZER_NONNULL = YES;
				CLANG_ANALYZER_NUMBER_OBJECT_CONVERSION = YES_AGGRESSIVE;
				CLANG_CXX_LANGUAGE_STANDARD = "gnu++14";
				CLANG_CXX_LIBRARY = "libc++";
				CLANG_ENABLE_MODULES = YES;
				CLANG_ENABLE_OBJC_ARC = YES;
				CLANG_ENABLE_OBJC_WEAK = YES;
				CLANG_WARN_BLOCK_CAPTURE_AUTORELEASING = YES;
				CLANG_WARN_BOOL_CONVERSION = YES;
				CLANG_WARN_COMMA = YES;
				CLANG_WARN_CONSTANT_CONVERSION = YES;
				CLANG_WARN_DEPRECATED_OBJC_IMPLEMENTATIONS = YES;
				CLANG_WARN_DIRECT_OBJC_ISA_USAGE = YES_ERROR;
				CLANG_WARN_DOCUMENTATION_COMMENTS = YES;
				CLANG_WARN_EMPTY_BODY = YES;
				CLANG_WARN_ENUM_CONVERSION = YES;
				CLANG_WARN_INFINITE_RECURSION = YES;
				CLANG_WARN_INT_CONVERSION = YES;
				CLANG_WARN_NON_LITERAL_NULL_CONVERSION = YES;
				CLANG_WARN_OBJC_IMPLICIT_RETAIN_SELF = YES;
				CLANG_WARN_OBJC_LITERAL_CONVERSION = YES;
				CLANG_WARN_OBJC_ROOT_CLASS = YES_ERROR;
				CLANG_WARN_RANGE_LOOP_ANALYSIS = YES;
				CLANG_WARN_STRICT_PROTOTYPES = YES;
				CLANG_WARN_SUSPICIOUS_MOVE = YES;
				CLANG_WARN_UNGUARDED_AVAILABILITY = YES_AGGRESSIVE;
				CLANG_WARN_UNREACHABLE_CODE = YES;
				CLANG_WARN__DUPLICATE_METHOD_MATCH = YES;
				CODE_SIGN_IDENTITY = "iPhone Developer";
				COPY_PHASE_STRIP = NO;
				DEBUG_INFORMATION_FORMAT = "dwarf-with-dsym";
				ENABLE_NS_ASSERTIONS = NO;
				ENABLE_STRICT_OBJC_MSGSEND = YES;
				GCC_C_LANGUAGE_STANDARD = gnu11;
				GCC_NO_COMMON_BLOCKS = YES;
				GCC_WARN_64_TO_32_BIT_CONVERSION = YES;
				GCC_WARN_ABOUT_RETURN_TYPE = YES_ERROR;
				GCC_WARN_UNDECLARED_SELECTOR = YES;
				GCC_WARN_UNINITIALIZED_AUTOS = YES_AGGRESSIVE;
				GCC_WARN_UNUSED_FUNCTION = YES;
				GCC_WARN_UNUSED_VARIABLE = YES;
				IPHONEOS_DEPLOYMENT_TARGET = 12.1;
				MTL_ENABLE_DEBUG_INFO = NO;
				MTL_FAST_MATH = YES;
				SDKROOT = iphoneos;
				SWIFT_COMPILATION_MODE = wholemodule;
				SWIFT_OPTIMIZATION_LEVEL = "-O";
				VALIDATE_PRODUCT = YES;
			};
			name = Release;
		};
		AA285BF821AD5B02005A40FD /* Debug */ = {
			isa = XCBuildConfiguration;
			buildSettings = {
				ASSETCATALOG_COMPILER_APPICON_NAME = AppIcon;
				CODE_SIGN_STYLE = Automatic;
				DEVELOPMENT_TEAM = BZ3VSUA92U;
				INFOPLIST_FILE = Purchaser/Info.plist;
				LD_RUNPATH_SEARCH_PATHS = (
					"$(inherited)",
					"@executable_path/Frameworks",
				);
				PRODUCT_BUNDLE_IDENTIFIER = com.thxou.Purchaser;
				PRODUCT_NAME = "$(TARGET_NAME)";
				SWIFT_VERSION = 4.2;
				TARGETED_DEVICE_FAMILY = "1,2";
			};
			name = Debug;
		};
		AA285BF921AD5B02005A40FD /* Release */ = {
			isa = XCBuildConfiguration;
			buildSettings = {
				ASSETCATALOG_COMPILER_APPICON_NAME = AppIcon;
				CODE_SIGN_STYLE = Automatic;
				DEVELOPMENT_TEAM = BZ3VSUA92U;
				INFOPLIST_FILE = Purchaser/Info.plist;
				LD_RUNPATH_SEARCH_PATHS = (
					"$(inherited)",
					"@executable_path/Frameworks",
				);
				PRODUCT_BUNDLE_IDENTIFIER = com.thxou.Purchaser;
				PRODUCT_NAME = "$(TARGET_NAME)";
				SWIFT_VERSION = 4.2;
				TARGETED_DEVICE_FAMILY = "1,2";
			};
			name = Release;
		};
		AA285BFB21AD5B02005A40FD /* Debug */ = {
			isa = XCBuildConfiguration;
			buildSettings = {
				ALWAYS_EMBED_SWIFT_STANDARD_LIBRARIES = YES;
				BUNDLE_LOADER = "$(TEST_HOST)";
				CODE_SIGN_STYLE = Automatic;
				DEVELOPMENT_TEAM = BZ3VSUA92U;
				INFOPLIST_FILE = PurchaserTests/Info.plist;
				LD_RUNPATH_SEARCH_PATHS = (
					"$(inherited)",
					"@executable_path/Frameworks",
					"@loader_path/Frameworks",
				);
				PRODUCT_BUNDLE_IDENTIFIER = com.thxou.PurchaserTests;
				PRODUCT_NAME = "$(TARGET_NAME)";
				SWIFT_VERSION = 4.2;
				TARGETED_DEVICE_FAMILY = "1,2";
				TEST_HOST = "$(BUILT_PRODUCTS_DIR)/Purchaser.app/Purchaser";
			};
			name = Debug;
		};
		AA285BFC21AD5B02005A40FD /* Release */ = {
			isa = XCBuildConfiguration;
			buildSettings = {
				ALWAYS_EMBED_SWIFT_STANDARD_LIBRARIES = YES;
				BUNDLE_LOADER = "$(TEST_HOST)";
				CODE_SIGN_STYLE = Automatic;
				DEVELOPMENT_TEAM = BZ3VSUA92U;
				INFOPLIST_FILE = PurchaserTests/Info.plist;
				LD_RUNPATH_SEARCH_PATHS = (
					"$(inherited)",
					"@executable_path/Frameworks",
					"@loader_path/Frameworks",
				);
				PRODUCT_BUNDLE_IDENTIFIER = com.thxou.PurchaserTests;
				PRODUCT_NAME = "$(TARGET_NAME)";
				SWIFT_VERSION = 4.2;
				TARGETED_DEVICE_FAMILY = "1,2";
				TEST_HOST = "$(BUILT_PRODUCTS_DIR)/Purchaser.app/Purchaser";
			};
			name = Release;
		};
/* End XCBuildConfiguration section */

/* Begin XCConfigurationList section */
		AA285BD521AD5AFE005A40FD /* Build configuration list for PBXProject "Purchaser" */ = {
			isa = XCConfigurationList;
			buildConfigurations = (
				AA285BF521AD5B02005A40FD /* Debug */,
				AA285BF621AD5B02005A40FD /* Release */,
			);
			defaultConfigurationIsVisible = 0;
			defaultConfigurationName = Release;
		};
		AA285BF721AD5B02005A40FD /* Build configuration list for PBXNativeTarget "Purchaser" */ = {
			isa = XCConfigurationList;
			buildConfigurations = (
				AA285BF821AD5B02005A40FD /* Debug */,
				AA285BF921AD5B02005A40FD /* Release */,
			);
			defaultConfigurationIsVisible = 0;
			defaultConfigurationName = Release;
		};
		AA285BFA21AD5B02005A40FD /* Build configuration list for PBXNativeTarget "PurchaserTests" */ = {
			isa = XCConfigurationList;
			buildConfigurations = (
				AA285BFB21AD5B02005A40FD /* Debug */,
				AA285BFC21AD5B02005A40FD /* Release */,
			);
			defaultConfigurationIsVisible = 0;
			defaultConfigurationName = Release;
		};
/* End XCConfigurationList section */
	};
	rootObject = AA285BD221AD5AFE005A40FD /* Project object */;
}
